{
  "requires": true,
  "lockfileVersion": 1,
  "dependencies": {
    "@esri/arcgis-rest-auth": {
      "version": "2.13.1",
      "resolved": "https://registry.npmjs.org/@esri/arcgis-rest-auth/-/arcgis-rest-auth-2.13.1.tgz",
      "integrity": "sha512-wNg6nMRuz1Wk7tlV8nl22w+Lj0gKtZHm/NVdx7ngHCRiVPdFS4+8kwPAYcBg+cCcrW3yKOmVo1EY3Ggpb/rQfw==",
      "requires": {
        "@esri/arcgis-rest-types": "^2.13.1",
        "tslib": "^1.9.3"
      }
    },
    "@esri/arcgis-rest-feature-layer": {
      "version": "2.13.1",
      "resolved": "https://registry.npmjs.org/@esri/arcgis-rest-feature-layer/-/arcgis-rest-feature-layer-2.13.1.tgz",
      "integrity": "sha512-1JpluEJPycrB1CoeBa+iEzPV0ybhbsjuzbohVoxnNDTu/FqATLF5eXz6m0Hh9YNIciZgcO6gd0xbUpWj5HTHEg==",
      "requires": {
        "@esri/arcgis-rest-types": "^2.13.1",
        "tslib": "^1.9.3"
      }
    },
    "@esri/arcgis-rest-portal": {
      "version": "2.13.1",
      "resolved": "https://registry.npmjs.org/@esri/arcgis-rest-portal/-/arcgis-rest-portal-2.13.1.tgz",
      "integrity": "sha512-6DNJ1ko3FBKDQh/+ekh+x9UB5tP6a9SzJLVzO0f0YFvOH2uRLa2yfs37fcsZWKlZ6pJvl93zduZcqeZREngn7A==",
      "requires": {
        "@esri/arcgis-rest-types": "^2.13.1",
        "tslib": "^1.9.3"
      }
    },
    "@esri/arcgis-rest-request": {
      "version": "2.13.1",
      "resolved": "https://registry.npmjs.org/@esri/arcgis-rest-request/-/arcgis-rest-request-2.13.1.tgz",
      "integrity": "sha512-6VYfUgzgLEQ2rXFf2i2UdF4VPYbc6lNOWIaNzym6FYqnFDXZGD2bx5ZsFOga9KxXh44vNgFpFRHc0MqTsgYh+g==",
      "requires": {
        "tslib": "^1.9.3"
      }
    },
    "@esri/arcgis-rest-service-admin": {
      "version": "2.13.1",
      "resolved": "https://registry.npmjs.org/@esri/arcgis-rest-service-admin/-/arcgis-rest-service-admin-2.13.1.tgz",
      "integrity": "sha512-vVv8pHA8J3/XRxLLhmDqUYcrs55LOdP+SP5GTGsJt0YhPgYTdJ6dZacnoMjv7IvJKUL0HGJfaEB/CTfqQyyAmw==",
      "requires": {
        "@esri/arcgis-rest-types": "^2.13.1",
        "tslib": "^1.9.3"
      }
    },
    "@esri/arcgis-rest-types": {
      "version": "2.13.1",
      "resolved": "https://registry.npmjs.org/@esri/arcgis-rest-types/-/arcgis-rest-types-2.13.1.tgz",
      "integrity": "sha512-XF8V6GE6WtN1/LRQSZk6EygbSACHsDBJrxIiZDQiqjqD1k/xf6X8dbvXO6aFUFTAUFzFHOOtw8lleeVAXsSv9w=="
    },
    "asynckit": {
      "version": "0.4.0",
      "resolved": "https://registry.npmjs.org/asynckit/-/asynckit-0.4.0.tgz",
      "integrity": "sha1-x57Zf380y48robyXkLzDZkdLS3k="
    },
    "axios": {
      "version": "0.19.2",
      "resolved": "https://registry.npmjs.org/axios/-/axios-0.19.2.tgz",
      "integrity": "sha512-fjgm5MvRHLhx+osE2xoekY70AhARk3a6hkN+3Io1jc00jtquGvxYlKlsFUhmUET0V5te6CcZI7lcv2Ym61mjHA==",
      "requires": {
        "follow-redirects": "1.5.10"
      }
    },
    "combined-stream": {
      "version": "1.0.8",
      "resolved": "https://registry.npmjs.org/combined-stream/-/combined-stream-1.0.8.tgz",
      "integrity": "sha512-FQN4MRfuJeHf7cBbBMJFXhKSDq+2kAArBlmRBvcvFE5BB1HZKXtSFASDhdlz9zOYwxh8lDdnvmMOe/+5cdoEdg==",
      "requires": {
        "delayed-stream": "~1.0.0"
      }
    },
    "cross-fetch": {
      "version": "3.0.4",
      "resolved": "https://registry.npmjs.org/cross-fetch/-/cross-fetch-3.0.4.tgz",
      "integrity": "sha512-MSHgpjQqgbT/94D4CyADeNoYh52zMkCX4pcJvPP5WqPsLFMKjr2TCMg381ox5qI0ii2dPwaLx/00477knXqXVw==",
      "requires": {
        "node-fetch": "2.6.0",
        "whatwg-fetch": "3.0.0"
      }
    },
    "debug": {
      "version": "3.1.0",
      "resolved": "https://registry.npmjs.org/debug/-/debug-3.1.0.tgz",
      "integrity": "sha512-OX8XqP7/1a9cqkxYw2yXss15f26NKWBpDXQd0/uK/KPqdQhxbPa994hnzjcE2VqQpDslf55723cKPUOGSmMY3g==",
      "requires": {
        "ms": "2.0.0"
      }
    },
    "delayed-stream": {
      "version": "1.0.0",
      "resolved": "https://registry.npmjs.org/delayed-stream/-/delayed-stream-1.0.0.tgz",
      "integrity": "sha1-3zrhmayt+31ECqrgsp4icrJOxhk="
    },
    "follow-redirects": {
      "version": "1.5.10",
      "resolved": "https://registry.npmjs.org/follow-redirects/-/follow-redirects-1.5.10.tgz",
      "integrity": "sha512-0V5l4Cizzvqt5D44aTXbFZz+FtyXV1vrDN6qrelxtfYQKW0KO0W2T/hkE8xvGa/540LkZlkaUjO4ailYTFtHVQ==",
      "requires": {
        "debug": "=3.1.0"
      }
    },
    "form-data": {
      "version": "3.0.0",
      "resolved": "https://registry.npmjs.org/form-data/-/form-data-3.0.0.tgz",
      "integrity": "sha512-CKMFDglpbMi6PyN+brwB9Q/GOw0eAnsrEZDgcsH5Krhz5Od/haKHAX0NmQfha2zPPz0JpWzA7GJHGSnvCRLWsg==",
      "requires": {
        "asynckit": "^0.4.0",
        "combined-stream": "^1.0.8",
        "mime-types": "^2.1.12"
      }
    },
    "googletrans": {
      "version": "1.0.0",
      "resolved": "https://registry.npmjs.org/googletrans/-/googletrans-1.0.0.tgz",
      "integrity": "sha512-gJr4wanUM3hOeX/KGUA19UoBK4C21+iHCa2tedMp5HEUBIojymfa5YvtDSK686kkXA8dN1lffj6NDv/hPybwVQ==",
      "requires": {
        "axios": "^0.19.2",
        "qs": "^6.9.3"
      }
    },
    "isomorphic-form-data": {
      "version": "2.0.0",
      "resolved": "https://registry.npmjs.org/isomorphic-form-data/-/isomorphic-form-data-2.0.0.tgz",
      "integrity": "sha512-TYgVnXWeESVmQSg4GLVbalmQ+B4NPi/H4eWxqALKj63KsUrcu301YDjBqaOw3h+cbak7Na4Xyps3BiptHtxTfg==",
      "requires": {
        "form-data": "^2.3.2"
      },
      "dependencies": {
        "form-data": {
          "version": "2.5.1",
          "resolved": "https://registry.npmjs.org/form-data/-/form-data-2.5.1.tgz",
          "integrity": "sha512-m21N3WOmEEURgk6B9GLOE4RuWOFf28Lhh9qGYeNlGq4VDXUlJy2th2slBNU8Gp8EzloYZOibZJ7t5ecIrFSjVA==",
          "requires": {
            "asynckit": "^0.4.0",
            "combined-stream": "^1.0.6",
            "mime-types": "^2.1.12"
          }
        }
      }
    },
    "mime-db": {
      "version": "1.44.0",
      "resolved": "https://registry.npmjs.org/mime-db/-/mime-db-1.44.0.tgz",
      "integrity": "sha512-/NOTfLrsPBVeH7YtFPgsVWveuL+4SjjYxaQ1xtM1KMFj7HdxlBlxeyNLzhyJVx7r4rZGJAZ/6lkKCitSc/Nmpg=="
    },
    "mime-types": {
      "version": "2.1.27",
      "resolved": "https://registry.npmjs.org/mime-types/-/mime-types-2.1.27.tgz",
      "integrity": "sha512-JIhqnCasI9yD+SsmkquHBxTSEuZdQX5BuQnS2Vc7puQQQ+8yiP5AY5uWhpdv4YL4VM5c6iliiYWPgJ/nJQLp7w==",
      "requires": {
        "mime-db": "1.44.0"
      }
    },
    "ms": {
      "version": "2.0.0",
      "resolved": "https://registry.npmjs.org/ms/-/ms-2.0.0.tgz",
      "integrity": "sha1-VgiurfwAvmwpAd9fmGF4jeDVl8g="
    },
    "node-fetch": {
      "version": "2.6.0",
      "resolved": "https://registry.npmjs.org/node-fetch/-/node-fetch-2.6.0.tgz",
      "integrity": "sha512-8dG4H5ujfvFiqDmVu9fQ5bOHUC15JMjMY/Zumv26oOvvVJjM67KF8koCWIabKQ1GJIa9r2mMZscBq/TbdOcmNA=="
    },
    "qs": {
      "version": "6.9.4",
      "resolved": "https://registry.npmjs.org/qs/-/qs-6.9.4.tgz",
      "integrity": "sha512-A1kFqHekCTM7cz0udomYUoYNWjBebHm/5wzU/XqrBRBNWectVH0QIiN+NEcZ0Dte5hvzHwbr8+XQmguPhJ6WdQ=="
    },
    "tslib": {
      "version": "1.13.0",
      "resolved": "https://registry.npmjs.org/tslib/-/tslib-1.13.0.tgz",
      "integrity": "sha512-i/6DQjL8Xf3be4K/E6Wgpekn5Qasl1usyw++dAA35Ue5orEn65VIxOA+YvNNl9HV3qv70T7CNwjODHZrLwvd1Q=="
    },
    "whatwg-fetch": {
      "version": "3.0.0",
      "resolved": "https://registry.npmjs.org/whatwg-fetch/-/whatwg-fetch-3.0.0.tgz",
      "integrity": "sha512-9GSJUgz1D4MfyKU7KRqwOjXCXTqWdFNvEr7eUBYchQiVc744mqK/MzXPNR2WsPkmkOa4ywfg8C2n8h+13Bey1Q=="
    }
  }
}
